
Microsoft Visual Studio Solution File, Format Version 12.00
# Visual Studio 15
Project("{FAE04EC0-301F-11D3-BF4B-00C04F79EFBC}") = "Assembly-CSharp", "Assembly-CSharp.csproj", "{96D20CFA-621C-49DD-ADF8-9B41E775AC1E}"
EndProject
Project("{FAE04EC0-301F-11D3-BF4B-00C04F79EFBC}") = "Assembly-CSharp-Editor-firstpass", "Assembly-CSharp-Editor-firstpass.csproj", "{074A3BCB-0617-244D-4F12-BAC0A83138CE}"
EndProject
Global
	GlobalSection(SolutionConfigurationPlatforms) = preSolution
		Debug|Any CPU = Debug|Any CPU
		Release|Any CPU = Release|Any CPU
	EndGlobalSection
	GlobalSection(ProjectConfigurationPlatforms) = postSolution
		{96D20CFA-621C-49DD-ADF8-9B41E775AC1E}.Debug|Any CPU.ActiveCfg = Debug|Any CPU
		{96D20CFA-621C-49DD-ADF8-9B41E775AC1E}.Debug|Any CPU.Build.0 = Debug|Any CPU
		{96D20CFA-621C-49DD-ADF8-9B41E775AC1E}.Release|Any CPU.ActiveCfg = Release|Any CPU
		{96D20CFA-621C-49DD-ADF8-9B41E775AC1E}.Release|Any CPU.Build.0 = Release|Any CPU
		{074A3BCB-0617-244D-4F12-BAC0A83138CE}.Debug|Any CPU.ActiveCfg = Debug|Any CPU
		{074A3BCB-0617-244D-4F12-BAC0A83138CE}.Debug|Any CPU.Build.0 = Debug|Any CPU
		{074A3BCB-0617-244D-4F12-BAC0A83138CE}.Release|Any CPU.ActiveCfg = Release|Any CPU
		{074A3BCB-0617-244D-4F12-BAC0A83138CE}.Release|Any CPU.Build.0 = Release|Any CPU
	EndGlobalSection
	GlobalSection(SolutionProperties) = preSolution
		HideSolutionNode = FALSE
	EndGlobalSection
EndGlobal
